
Microsoft Visual Studio Solution File, Format Version 12.00
# Visual Studio 15
VisualStudioVersion = 15.0.28010.2016
MinimumVisualStudioVersion = 10.0.40219.1
Project("{FAE04EC0-301F-11D3-BF4B-00C04F79EFBC}") = "DocumentMerger2", "DocumentMerger2\DocumentMerger2.csproj", "{37317969-1069-4050-801C-5B2962F94F25}"
EndProject
Global
	GlobalSection(SolutionConfigurationPlatforms) = preSolution
		Debug|Any CPU = Debug|Any CPU
		Release|Any CPU = Release|Any CPU
	EndGlobalSection
	GlobalSection(ProjectConfigurationPlatforms) = postSolution
		{37317969-1069-4050-801C-5B2962F94F25}.Debug|Any CPU.ActiveCfg = Debug|Any CPU
		{37317969-1069-4050-801C-5B2962F94F25}.Debug|Any CPU.Build.0 = Debug|Any CPU
		{37317969-1069-4050-801C-5B2962F94F25}.Release|Any CPU.ActiveCfg = Release|Any CPU
		{37317969-1069-4050-801C-5B2962F94F25}.Release|Any CPU.Build.0 = Release|Any CPU
	EndGlobalSection
	GlobalSection(SolutionProperties) = preSolution
		HideSolutionNode = FALSE
	EndGlobalSection
	GlobalSection(ExtensibilityGlobals) = postSolution
		SolutionGuid = {EB059E8E-25AC-49B7-B84C-5922493A5E54}
	EndGlobalSection
EndGlobal
